// !$*UTF8*$!
{
	archiveVersion = 1;
	classes = {
	};
	objectVersion = 77;
	objects = {

/* Begin PBXBuildFile section */
		6274A5802E127E6B00805188 /* .gitignore in Resources */ = {isa = PBXBuildFile; fileRef = 6274A57F2E127E6400805188 /* .gitignore */; };
		6274A5822E12815300805188 /* readme.md in Resources */ = {isa = PBXBuildFile; fileRef = 6274A5812E12814B00805188 /* readme.md */; };
/* End PBXBuildFile section */

/* Begin PBXContainerItemProxy section */
		6274A5522E127BC000805188 /* PBXContainerItemProxy */ = {
			isa = PBXContainerItemProxy;
			containerPortal = 6274A5372E127BBE00805188 /* Project object */;
			proxyType = 1;
			remoteGlobalIDString = 6274A53E2E127BBE00805188;
			remoteInfo = PaceCapsule;
		};
		6274A55C2E127BC000805188 /* PBXContainerItemProxy */ = {
			isa = PBXContainerItemProxy;
			containerPortal = 6274A5372E127BBE00805188 /* Project object */;
			proxyType = 1;
			remoteGlobalIDString = 6274A53E2E127BBE00805188;
			remoteInfo = PaceCapsule;
		};
/* End PBXContainerItemProxy section */

/* Begin PBXFileReference section */
		6274A53F2E127BBE00805188 /* PaceCapsule.app */ = {isa = PBXFileReference; explicitFileType = wrapper.application; includeInIndex = 0; path = PaceCapsule.app; sourceTree = BUILT_PRODUCTS_DIR; };
		6274A5512E127BC000805188 /* PaceCapsuleTests.xctest */ = {isa = PBXFileReference; explicitFileType = wrapper.cfbundle; includeInIndex = 0; path = PaceCapsuleTests.xctest; sourceTree = BUILT_PRODUCTS_DIR; };
		6274A55B2E127BC000805188 /* PaceCapsuleUITests.xctest */ = {isa = PBXFileReference; explicitFileType = wrapper.cfbundle; includeInIndex = 0; path = PaceCapsuleUITests.xctest; sourceTree = BUILT_PRODUCTS_DIR; };
		6274A57F2E127E6400805188 /* .gitignore */ = {isa = PBXFileReference; lastKnownFileType = text; path = .gitignore; sourceTree = "<group>"; };
		6274A5812E12814B00805188 /* readme.md */ = {isa = PBXFileReference; lastKnownFileType = net.daringfireball.markdown; path = readme.md; sourceTree = "<group>"; };
/* End PBXFileReference section */

/* Begin PBXFileSystemSynchronizedRootGroup section */
		6274A5412E127BBE00805188 /* PaceCapsule */ = {
			isa = PBXFileSystemSynchronizedRootGroup;
			path = PaceCapsule;
			sourceTree = "<group>";
		};
		6274A5542E127BC000805188 /* PaceCapsuleTests */ = {
			isa = PBXFileSystemSynchronizedRootGroup;
			path = PaceCapsuleTests;
			sourceTree = "<group>";
		};
		6274A55E2E127BC000805188 /* PaceCapsuleUITests */ = {
			isa = PBXFileSystemSynchronizedRootGroup;
			path = PaceCapsuleUITests;
			sourceTree = "<group>";
		};
/* End PBXFileSystemSynchronizedRootGroup section */

/* Begin PBXFrameworksBuildPhase section */
		6274A53C2E127BBE00805188 /* Frameworks */ = {
			isa = PBXFrameworksBuildPhase;
			buildActionMask = 2147483647;
			files = (
			);
			runOnlyForDeploymentPostprocessing = 0;
		};
		6274A54E2E127BC000805188 /* Frameworks */ = {
			isa = PBXFrameworksBuildPhase;
			buildActionMask = 2147483647;
			files = (
			);
			runOnlyForDeploymentPostprocessing = 0;
		};
		6274A5582E127BC000805188 /* Frameworks */ = {
			isa = PBXFrameworksBuildPhase;
			buildActionMask = 2147483647;
			files = (
			);
			runOnlyForDeploymentPostprocessing = 0;
		};
/* End PBXFrameworksBuildPhase section */

/* Begin PBXGroup section */
		6274A5362E127BBE00805188 = {
			isa = PBXGroup;
			children = (
				6274A5812E12814B00805188 /* readme.md */,
				6274A57F2E127E6400805188 /* .gitignore */,
				6274A5412E127BBE00805188 /* PaceCapsule */,
				6274A5542E127BC000805188 /* PaceCapsuleTests */,
				6274A55E2E127BC000805188 /* PaceCapsuleUITests */,
				6274A5402E127BBE00805188 /* Products */,
			);
			sourceTree = "<group>";
		};
		6274A5402E127BBE00805188 /* Products */ = {
			isa = PBXGroup;
			children = (
				6274A53F2E127BBE00805188 /* PaceCapsule.app */,
				6274A5512E127BC000805188 /* PaceCapsuleTests.xctest */,
				6274A55B2E127BC000805188 /* PaceCapsuleUITests.xctest */,
			);
			name = Products;
			sourceTree = "<group>";
		};
/* End PBXGroup section */

/* Begin PBXNativeTarget section */
		6274A53E2E127BBE00805188 /* PaceCapsule */ = {
			isa = PBXNativeTarget;
			buildConfigurationList = 6274A5652E127BC000805188 /* Build configuration list for PBXNativeTarget "PaceCapsule" */;
			buildPhases = (
				6274A53B2E127BBE00805188 /* Sources */,
				6274A53C2E127BBE00805188 /* Frameworks */,
				6274A53D2E127BBE00805188 /* Resources */,
			);
			buildRules = (
			);
			dependencies = (
			);
			fileSystemSynchronizedGroups = (
				6274A5412E127BBE00805188 /* PaceCapsule */,
			);
			name = PaceCapsule;
			packageProductDependencies = (
			);
			productName = PaceCapsule;
			productReference = 6274A53F2E127BBE00805188 /* PaceCapsule.app */;
			productType = "com.apple.product-type.application";
		};
		6274A5502E127BC000805188 /* PaceCapsuleTests */ = {
			isa = PBXNativeTarget;
			buildConfigurationList = 6274A5682E127BC000805188 /* Build configuration list for PBXNativeTarget "PaceCapsuleTests" */;
			buildPhases = (
				6274A54D2E127BC000805188 /* Sources */,
				6274A54E2E127BC000805188 /* Frameworks */,
				6274A54F2E127BC000805188 /* Resources */,
			);
			buildRules = (
			);
			dependencies = (
				6274A5532E127BC000805188 /* PBXTargetDependency */,
			);
			fileSystemSynchronizedGroups = (
				6274A5542E127BC000805188 /* PaceCapsuleTests */,
			);
			name = PaceCapsuleTests;
			packageProductDependencies = (
			);
			productName = PaceCapsuleTests;
			productReference = 6274A5512E127BC000805188 /* PaceCapsuleTests.xctest */;
			productType = "com.apple.product-type.bundle.unit-test";
		};
		6274A55A2E127BC000805188 /* PaceCapsuleUITests */ = {
			isa = PBXNativeTarget;
			buildConfigurationList = 6274A56B2E127BC000805188 /* Build configuration list for PBXNativeTarget "PaceCapsuleUITests" */;
			buildPhases = (
				6274A5572E127BC000805188 /* Sources */,
				6274A5582E127BC000805188 /* Frameworks */,
				6274A5592E127BC000805188 /* Resources */,
			);
			buildRules = (
			);
			dependencies = (
				6274A55D2E127BC000805188 /* PBXTargetDependency */,
			);
			fileSystemSynchronizedGroups = (
				6274A55E2E127BC000805188 /* PaceCapsuleUITests */,
			);
			name = PaceCapsuleUITests;
			packageProductDependencies = (
			);
			productName = PaceCapsuleUITests;
			productReference = 6274A55B2E127BC000805188 /* PaceCapsuleUITests.xctest */;
			productType = "com.apple.product-type.bundle.ui-testing";
		};
/* End PBXNativeTarget section */

/* Begin PBXProject section */
		6274A5372E127BBE00805188 /* Project object */ = {
			isa = PBXProject;
			attributes = {
				BuildIndependentTargetsInParallel = 1;
				LastSwiftUpdateCheck = 1630;
				LastUpgradeCheck = 1630;
				TargetAttributes = {
					6274A53E2E127BBE00805188 = {
						CreatedOnToolsVersion = 16.3;
					};
					6274A5502E127BC000805188 = {
						CreatedOnToolsVersion = 16.3;
						TestTargetID = 6274A53E2E127BBE00805188;
					};
					6274A55A2E127BC000805188 = {
						CreatedOnToolsVersion = 16.3;
						TestTargetID = 6274A53E2E127BBE00805188;
					};
				};
			};
			buildConfigurationList = 6274A53A2E127BBE00805188 /* Build configuration list for PBXProject "PaceCapsule" */;
			developmentRegion = en;
			hasScannedForEncodings = 0;
			knownRegions = (
				en,
				Base,
			);
			mainGroup = 6274A5362E127BBE00805188;
			minimizedProjectReferenceProxies = 1;
			preferredProjectObjectVersion = 77;
			productRefGroup = 6274A5402E127BBE00805188 /* Products */;
			projectDirPath = "";
			projectRoot = "";
			targets = (
				6274A53E2E127BBE00805188 /* PaceCapsule */,
				6274A5502E127BC000805188 /* PaceCapsuleTests */,
				6274A55A2E127BC000805188 /* PaceCapsuleUITests */,
			);
		};
/* End PBXProject section */

/* Begin PBXResourcesBuildPhase section */
		6274A53D2E127BBE00805188 /* Resources */ = {
			isa = PBXResourcesBuildPhase;
			buildActionMask = 2147483647;
			files = (
				6274A5802E127E6B00805188 /* .gitignore in Resources */,
				6274A5822E12815300805188 /* readme.md in Resources */,
			);
			runOnlyForDeploymentPostprocessing = 0;
		};
		6274A54F2E127BC000805188 /* Resources */ = {
			isa = PBXResourcesBuildPhase;
			buildActionMask = 2147483647;
			files = (
			);
			runOnlyForDeploymentPostprocessing = 0;
		};
		6274A5592E127BC000805188 /* Resources */ = {
			isa = PBXResourcesBuildPhase;
			buildActionMask = 2147483647;
			files = (
			);
			runOnlyForDeploymentPostprocessing = 0;
		};
/* End PBXResourcesBuildPhase section */

/* Begin PBXSourcesBuildPhase section */
		6274A53B2E127BBE00805188 /* Sources */ = {
			isa = PBXSourcesBuildPhase;
			buildActionMask = 2147483647;
			files = (
			);
			runOnlyForDeploymentPostprocessing = 0;
		};
		6274A54D2E127BC000805188 /* Sources */ = {
			isa = PBXSourcesBuildPhase;
			buildActionMask = 2147483647;
			files = (
			);
			runOnlyForDeploymentPostprocessing = 0;
		};
		6274A5572E127BC000805188 /* Sources */ = {
			isa = PBXSourcesBuildPhase;
			buildActionMask = 2147483647;
			files = (
			);
			runOnlyForDeploymentPostprocessing = 0;
		};
/* End PBXSourcesBuildPhase section */

/* Begin PBXTargetDependency section */
		6274A5532E127BC000805188 /* PBXTargetDependency */ = {
			isa = PBXTargetDependency;
			target = 6274A53E2E127BBE00805188 /* PaceCapsule */;
			targetProxy = 6274A5522E127BC000805188 /* PBXContainerItemProxy */;
		};
		6274A55D2E127BC000805188 /* PBXTargetDependency */ = {
			isa = PBXTargetDependency;
			target = 6274A53E2E127BBE00805188 /* PaceCapsule */;
			targetProxy = 6274A55C2E127BC000805188 /* PBXContainerItemProxy */;
		};
/* End PBXTargetDependency section */

/* Begin XCBuildConfiguration section */
		6274A5632E127BC000805188 /* Debug */ = {
			isa = XCBuildConfiguration;
			buildSettings = {
				ALWAYS_SEARCH_USER_PATHS = NO;
				ASSETCATALOG_COMPILER_GENERATE_SWIFT_ASSET_SYMBOL_EXTENSIONS = YES;
				CLANG_ANALYZER_NONNULL = YES;
				CLANG_ANALYZER_NUMBER_OBJECT_CONVERSION = YES_AGGRESSIVE;
				CLANG_CXX_LANGUAGE_STANDARD = "gnu++20";
				CLANG_ENABLE_MODULES = YES;
				CLANG_ENABLE_OBJC_ARC = YES;
				CLANG_ENABLE_OBJC_WEAK = YES;
				CLANG_WARN_BLOCK_CAPTURE_AUTORELEASING = YES;
				CLANG_WARN_BOOL_CONVERSION = YES;
				CLANG_WARN_COMMA = YES;
				CLANG_WARN_CONSTANT_CONVERSION = YES;
				CLANG_WARN_DEPRECATED_OBJC_IMPLEMENTATIONS = YES;
				CLANG_WARN_DIRECT_OBJC_ISA_USAGE = YES_ERROR;
				CLANG_WARN_DOCUMENTATION_COMMENTS = YES;
				CLANG_WARN_EMPTY_BODY = YES;
				CLANG_WARN_ENUM_CONVERSION = YES;
				CLANG_WARN_INFINITE_RECURSION = YES;
				CLANG_WARN_INT_CONVERSION = YES;
				CLANG_WARN_NON_LITERAL_NULL_CONVERSION = YES;
				CLANG_WARN_OBJC_IMPLICIT_RETAIN_SELF = YES;
				CLANG_WARN_OBJC_LITERAL_CONVERSION = YES;
				CLANG_WARN_OBJC_ROOT_CLASS = YES_ERROR;
				CLANG_WARN_QUOTED_INCLUDE_IN_FRAMEWORK_HEADER = YES;
				CLANG_WARN_RANGE_LOOP_ANALYSIS = YES;
				CLANG_WARN_STRICT_PROTOTYPES = YES;
				CLANG_WARN_SUSPICIOUS_MOVE = YES;
				CLANG_WARN_UNGUARDED_AVAILABILITY = YES_AGGRESSIVE;
				CLANG_WARN_UNREACHABLE_CODE = YES;
				CLANG_WARN__DUPLICATE_METHOD_MATCH = YES;
				COPY_PHASE_STRIP = NO;
				DEBUG_INFORMATION_FORMAT = dwarf;
				DEVELOPMENT_TEAM = FL4F6P5YH3;
				ENABLE_STRICT_OBJC_MSGSEND = YES;
				ENABLE_TESTABILITY = YES;
				ENABLE_USER_SCRIPT_SANDBOXING = YES;
				GCC_C_LANGUAGE_STANDARD = gnu17;
				GCC_DYNAMIC_NO_PIC = NO;
				GCC_NO_COMMON_BLOCKS = YES;
				GCC_OPTIMIZATION_LEVEL = 0;
				GCC_PREPROCESSOR_DEFINITIONS = (
					"DEBUG=1",
					"$(inherited)",
				);
				GCC_WARN_64_TO_32_BIT_CONVERSION = YES;
				GCC_WARN_ABOUT_RETURN_TYPE = YES_ERROR;
				GCC_WARN_UNDECLARED_SELECTOR = YES;
				GCC_WARN_UNINITIALIZED_AUTOS = YES_AGGRESSIVE;
				GCC_WARN_UNUSED_FUNCTION = YES;
				GCC_WARN_UNUSED_VARIABLE = YES;
				IPHONEOS_DEPLOYMENT_TARGET = 18.4;
				LOCALIZATION_PREFERS_STRING_CATALOGS = YES;
				MTL_ENABLE_DEBUG_INFO = INCLUDE_SOURCE;
				MTL_FAST_MATH = YES;
				ONLY_ACTIVE_ARCH = YES;
				SDKROOT = iphoneos;
				SWIFT_ACTIVE_COMPILATION_CONDITIONS = "DEBUG $(inherited)";
				SWIFT_OPTIMIZATION_LEVEL = "-Onone";
			};
			name = Debug;
		};
		6274A5642E127BC000805188 /* Release */ = {
			isa = XCBuildConfiguration;
			buildSettings = {
				ALWAYS_SEARCH_USER_PATHS = NO;
				ASSETCATALOG_COMPILER_GENERATE_SWIFT_ASSET_SYMBOL_EXTENSIONS = YES;
				CLANG_ANALYZER_NONNULL = YES;
				CLANG_ANALYZER_NUMBER_OBJECT_CONVERSION = YES_AGGRESSIVE;
				CLANG_CXX_LANGUAGE_STANDARD = "gnu++20";
				CLANG_ENABLE_MODULES = YES;
				CLANG_ENABLE_OBJC_ARC = YES;
				CLANG_ENABLE_OBJC_WEAK = YES;
				CLANG_WARN_BLOCK_CAPTURE_AUTORELEASING = YES;
				CLANG_WARN_BOOL_CONVERSION = YES;
				CLANG_WARN_COMMA = YES;
				CLANG_WARN_CONSTANT_CONVERSION = YES;
				CLANG_WARN_DEPRECATED_OBJC_IMPLEMENTATIONS = YES;
				CLANG_WARN_DIRECT_OBJC_ISA_USAGE = YES_ERROR;
				CLANG_WARN_DOCUMENTATION_COMMENTS = YES;
				CLANG_WARN_EMPTY_BODY = YES;
				CLANG_WARN_ENUM_CONVERSION = YES;
				CLANG_WARN_INFINITE_RECURSION = YES;
				CLANG_WARN_INT_CONVERSION = YES;
				CLANG_WARN_NON_LITERAL_NULL_CONVERSION = YES;
				CLANG_WARN_OBJC_IMPLICIT_RETAIN_SELF = YES;
				CLANG_WARN_OBJC_LITERAL_CONVERSION = YES;
				CLANG_WARN_OBJC_ROOT_CLASS = YES_ERROR;
				CLANG_WARN_QUOTED_INCLUDE_IN_FRAMEWORK_HEADER = YES;
				CLANG_WARN_RANGE_LOOP_ANALYSIS = YES;
				CLANG_WARN_STRICT_PROTOTYPES = YES;
				CLANG_WARN_SUSPICIOUS_MOVE = YES;
				CLANG_WARN_UNGUARDED_AVAILABILITY = YES_AGGRESSIVE;
				CLANG_WARN_UNREACHABLE_CODE = YES;
				CLANG_WARN__DUPLICATE_METHOD_MATCH = YES;
				COPY_PHASE_STRIP = NO;
				DEBUG_INFORMATION_FORMAT = "dwarf-with-dsym";
				DEVELOPMENT_TEAM = FL4F6P5YH3;
				ENABLE_NS_ASSERTIONS = NO;
				ENABLE_STRICT_OBJC_MSGSEND = YES;
				ENABLE_USER_SCRIPT_SANDBOXING = YES;
				GCC_C_LANGUAGE_STANDARD = gnu17;
				GCC_NO_COMMON_BLOCKS = YES;
				GCC_WARN_64_TO_32_BIT_CONVERSION = YES;
				GCC_WARN_ABOUT_RETURN_TYPE = YES_ERROR;
				GCC_WARN_UNDECLARED_SELECTOR = YES;
				GCC_WARN_UNINITIALIZED_AUTOS = YES_AGGRESSIVE;
				GCC_WARN_UNUSED_FUNCTION = YES;
				GCC_WARN_UNUSED_VARIABLE = YES;
				IPHONEOS_DEPLOYMENT_TARGET = 18.4;
				LOCALIZATION_PREFERS_STRING_CATALOGS = YES;
				MTL_ENABLE_DEBUG_INFO = NO;
				MTL_FAST_MATH = YES;
				SDKROOT = iphoneos;
				SWIFT_COMPILATION_MODE = wholemodule;
				VALIDATE_PRODUCT = YES;
			};
			name = Release;
		};
		6274A5662E127BC000805188 /* Debug */ = {
			isa = XCBuildConfiguration;
			buildSettings = {
				ASSETCATALOG_COMPILER_APPICON_NAME = AppIcon;
				ASSETCATALOG_COMPILER_GLOBAL_ACCENT_COLOR_NAME = AccentColor;
				CODE_SIGN_STYLE = Automatic;
				CURRENT_PROJECT_VERSION = 1;
				DEVELOPMENT_TEAM = FL4F6P5YH3;
				ENABLE_PREVIEWS = YES;
				GENERATE_INFOPLIST_FILE = YES;
				INFOPLIST_KEY_UIApplicationSceneManifest_Generation = YES;
				INFOPLIST_KEY_UIApplicationSupportsIndirectInputEvents = YES;
				INFOPLIST_KEY_UILaunchScreen_Generation = YES;
				INFOPLIST_KEY_UISupportedInterfaceOrientations_iPad = "UIInterfaceOrientationPortrait UIInterfaceOrientationPortraitUpsideDown UIInterfaceOrientationLandscapeLeft UIInterfaceOrientationLandscapeRight";
				INFOPLIST_KEY_UISupportedInterfaceOrientations_iPhone = "UIInterfaceOrientationPortrait UIInterfaceOrientationLandscapeLeft UIInterfaceOrientationLandscapeRight";
				LD_RUNPATH_SEARCH_PATHS = (
					"$(inherited)",
					"@executable_path/Frameworks",
				);
				MARKETING_VERSION = 1.0;
				PRODUCT_BUNDLE_IDENTIFIER = co.paul.PaceCapsule;
				PRODUCT_NAME = "$(TARGET_NAME)";
				SWIFT_EMIT_LOC_STRINGS = YES;
				SWIFT_VERSION = 5.0;
				TARGETED_DEVICE_FAMILY = "1,2";
			};
			name = Debug;
		};
		6274A5672E127BC000805188 /* Release */ = {
			isa = XCBuildConfiguration;
			buildSettings = {
				ASSETCATALOG_COMPILER_APPICON_NAME = AppIcon;
				ASSETCATALOG_COMPILER_GLOBAL_ACCENT_COLOR_NAME = AccentColor;
				CODE_SIGN_STYLE = Automatic;
				CURRENT_PROJECT_VERSION = 1;
				DEVELOPMENT_TEAM = FL4F6P5YH3;
				ENABLE_PREVIEWS = YES;
				GENERATE_INFOPLIST_FILE = YES;
				INFOPLIST_KEY_UIApplicationSceneManifest_Generation = YES;
				INFOPLIST_KEY_UIApplicationSupportsIndirectInputEvents = YES;
				INFOPLIST_KEY_UILaunchScreen_Generation = YES;
				INFOPLIST_KEY_UISupportedInterfaceOrientations_iPad = "UIInterfaceOrientationPortrait UIInterfaceOrientationPortraitUpsideDown UIInterfaceOrientationLandscapeLeft UIInterfaceOrientationLandscapeRight";
				INFOPLIST_KEY_UISupportedInterfaceOrientations_iPhone = "UIInterfaceOrientationPortrait UIInterfaceOrientationLandscapeLeft UIInterfaceOrientationLandscapeRight";
				LD_RUNPATH_SEARCH_PATHS = (
					"$(inherited)",
					"@executable_path/Frameworks",
				);
				MARKETING_VERSION = 1.0;
				PRODUCT_BUNDLE_IDENTIFIER = co.paul.PaceCapsule;
				PRODUCT_NAME = "$(TARGET_NAME)";
				SWIFT_EMIT_LOC_STRINGS = YES;
				SWIFT_VERSION = 5.0;
				TARGETED_DEVICE_FAMILY = "1,2";
			};
			name = Release;
		};
		6274A5692E127BC000805188 /* Debug */ = {
			isa = XCBuildConfiguration;
			buildSettings = {
				BUNDLE_LOADER = "$(TEST_HOST)";
				CODE_SIGN_STYLE = Automatic;
				CURRENT_PROJECT_VERSION = 1;
				DEVELOPMENT_TEAM = FL4F6P5YH3;
				GENERATE_INFOPLIST_FILE = YES;
				IPHONEOS_DEPLOYMENT_TARGET = 18.4;
				MARKETING_VERSION = 1.0;
				PRODUCT_BUNDLE_IDENTIFIER = co.paul.PaceCapsuleTests;
				PRODUCT_NAME = "$(TARGET_NAME)";
				SWIFT_EMIT_LOC_STRINGS = NO;
				SWIFT_VERSION = 5.0;
				TARGETED_DEVICE_FAMILY = "1,2";
				TEST_HOST = "$(BUILT_PRODUCTS_DIR)/PaceCapsule.app/$(BUNDLE_EXECUTABLE_FOLDER_PATH)/PaceCapsule";
			};
			name = Debug;
		};
		6274A56A2E127BC000805188 /* Release */ = {
			isa = XCBuildConfiguration;
			buildSettings = {
				BUNDLE_LOADER = "$(TEST_HOST)";
				CODE_SIGN_STYLE = Automatic;
				CURRENT_PROJECT_VERSION = 1;
				DEVELOPMENT_TEAM = FL4F6P5YH3;
				GENERATE_INFOPLIST_FILE = YES;
				IPHONEOS_DEPLOYMENT_TARGET = 18.4;
				MARKETING_VERSION = 1.0;
				PRODUCT_BUNDLE_IDENTIFIER = co.paul.PaceCapsuleTests;
				PRODUCT_NAME = "$(TARGET_NAME)";
				SWIFT_EMIT_LOC_STRINGS = NO;
				SWIFT_VERSION = 5.0;
				TARGETED_DEVICE_FAMILY = "1,2";
				TEST_HOST = "$(BUILT_PRODUCTS_DIR)/PaceCapsule.app/$(BUNDLE_EXECUTABLE_FOLDER_PATH)/PaceCapsule";
			};
			name = Release;
		};
		6274A56C2E127BC000805188 /* Debug */ = {
			isa = XCBuildConfiguration;
			buildSettings = {
				CODE_SIGN_STYLE = Automatic;
				CURRENT_PROJECT_VERSION = 1;
				DEVELOPMENT_TEAM = FL4F6P5YH3;
				GENERATE_INFOPLIST_FILE = YES;
				MARKETING_VERSION = 1.0;
				PRODUCT_BUNDLE_IDENTIFIER = co.paul.PaceCapsuleUITests;
				PRODUCT_NAME = "$(TARGET_NAME)";
				SWIFT_EMIT_LOC_STRINGS = NO;
				SWIFT_VERSION = 5.0;
				TARGETED_DEVICE_FAMILY = "1,2";
				TEST_TARGET_NAME = PaceCapsule;
			};
			name = Debug;
		};
		6274A56D2E127BC000805188 /* Release */ = {
			isa = XCBuildConfiguration;
			buildSettings = {
				CODE_SIGN_STYLE = Automatic;
				CURRENT_PROJECT_VERSION = 1;
				DEVELOPMENT_TEAM = FL4F6P5YH3;
				GENERATE_INFOPLIST_FILE = YES;
				MARKETING_VERSION = 1.0;
				PRODUCT_BUNDLE_IDENTIFIER = co.paul.PaceCapsuleUITests;
				PRODUCT_NAME = "$(TARGET_NAME)";
				SWIFT_EMIT_LOC_STRINGS = NO;
				SWIFT_VERSION = 5.0;
				TARGETED_DEVICE_FAMILY = "1,2";
				TEST_TARGET_NAME = PaceCapsule;
			};
			name = Release;
		};
/* End XCBuildConfiguration section */

/* Begin XCConfigurationList section */
		6274A53A2E127BBE00805188 /* Build configuration list for PBXProject "PaceCapsule" */ = {
			isa = XCConfigurationList;
			buildConfigurations = (
				6274A5632E127BC000805188 /* Debug */,
				6274A5642E127BC000805188 /* Release */,
			);
			defaultConfigurationIsVisible = 0;
			defaultConfigurationName = Release;
		};
		6274A5652E127BC000805188 /* Build configuration list for PBXNativeTarget "PaceCapsule" */ = {
			isa = XCConfigurationList;
			buildConfigurations = (
				6274A5662E127BC000805188 /* Debug */,
				6274A5672E127BC000805188 /* Release */,
			);
			defaultConfigurationIsVisible = 0;
			defaultConfigurationName = Release;
		};
		6274A5682E127BC000805188 /* Build configuration list for PBXNativeTarget "PaceCapsuleTests" */ = {
			isa = XCConfigurationList;
			buildConfigurations = (
				6274A5692E127BC000805188 /* Debug */,
				6274A56A2E127BC000805188 /* Release */,
			);
			defaultConfigurationIsVisible = 0;
			defaultConfigurationName = Release;
		};
		6274A56B2E127BC000805188 /* Build configuration list for PBXNativeTarget "PaceCapsuleUITests" */ = {
			isa = XCConfigurationList;
			buildConfigurations = (
				6274A56C2E127BC000805188 /* Debug */,
				6274A56D2E127BC000805188 /* Release */,
			);
			defaultConfigurationIsVisible = 0;
			defaultConfigurationName = Release;
		};
/* End XCConfigurationList section */
	};
	rootObject = 6274A5372E127BBE00805188 /* Project object */;
}
